
Microsoft Visual Studio Solution File, Format Version 12.00
# Blend for Visual Studio 15
VisualStudioVersion = 15.0.26228.0
MinimumVisualStudioVersion = 10.0.40219.1
Project("{FAE04EC0-301F-11D3-BF4B-00C04F79EFBC}") = "DroneScout Dashboard [WPF]", "DroneScout Dashboard [WPF]\DroneScout Dashboard [WPF].csproj", "{8E0179E6-D092-4AB5-803D-029DEA2BE60B}"
EndProject
Project("{FAE04EC0-301F-11D3-BF4B-00C04F79EFBC}") = "CodeX MJPEG Decoder Lib", "CodeX MJPEG Decoder Lib\CodeX MJPEG Decoder Lib.csproj", "{ADC20CFA-93C9-4F69-A7B7-D19CF455A9D5}"
EndProject
Global
	GlobalSection(SolutionConfigurationPlatforms) = preSolution
		Debug|Any CPU = Debug|Any CPU
		Release|Any CPU = Release|Any CPU
	EndGlobalSection
	GlobalSection(ProjectConfigurationPlatforms) = postSolution
		{8E0179E6-D092-4AB5-803D-029DEA2BE60B}.Debug|Any CPU.ActiveCfg = Debug|Any CPU
		{8E0179E6-D092-4AB5-803D-029DEA2BE60B}.Debug|Any CPU.Build.0 = Debug|Any CPU
		{8E0179E6-D092-4AB5-803D-029DEA2BE60B}.Release|Any CPU.ActiveCfg = Release|Any CPU
		{8E0179E6-D092-4AB5-803D-029DEA2BE60B}.Release|Any CPU.Build.0 = Release|Any CPU
		{ADC20CFA-93C9-4F69-A7B7-D19CF455A9D5}.Debug|Any CPU.ActiveCfg = Debug|Any CPU
		{ADC20CFA-93C9-4F69-A7B7-D19CF455A9D5}.Debug|Any CPU.Build.0 = Debug|Any CPU
		{ADC20CFA-93C9-4F69-A7B7-D19CF455A9D5}.Release|Any CPU.ActiveCfg = Release|Any CPU
		{ADC20CFA-93C9-4F69-A7B7-D19CF455A9D5}.Release|Any CPU.Build.0 = Release|Any CPU
	EndGlobalSection
	GlobalSection(SolutionProperties) = preSolution
		HideSolutionNode = FALSE
	EndGlobalSection
EndGlobal
